
Microsoft Visual Studio Solution File, Format Version 12.00
# Visual Studio Version 16
VisualStudioVersion = 16.0.33423.256
MinimumVisualStudioVersion = 10.0.40219.1
Project("{FAE04EC0-301F-11D3-BF4B-00C04F79EFBC}") = "SimplePager", "SimplePager.csproj", "{860FC8EF-0B69-4014-9232-D180D0465BBD}"
EndProject
Global
	GlobalSection(SolutionConfigurationPlatforms) = preSolution
		Debug|Any CPU = Debug|Any CPU
		Release|Any CPU = Release|Any CPU
	EndGlobalSection
	GlobalSection(ProjectConfigurationPlatforms) = postSolution
		{860FC8EF-0B69-4014-9232-D180D0465BBD}.Debug|Any CPU.ActiveCfg = Release|Any CPU
		{860FC8EF-0B69-4014-9232-D180D0465BBD}.Debug|Any CPU.Build.0 = Release|Any CPU
		{860FC8EF-0B69-4014-9232-D180D0465BBD}.Release|Any CPU.ActiveCfg = Release|Any CPU
		{860FC8EF-0B69-4014-9232-D180D0465BBD}.Release|Any CPU.Build.0 = Release|Any CPU
	EndGlobalSection
	GlobalSection(SolutionProperties) = preSolution
		HideSolutionNode = FALSE
	EndGlobalSection
	GlobalSection(ExtensibilityGlobals) = postSolution
		SolutionGuid = {1C413D3A-7CCC-4E15-9545-77459FECD549}
	EndGlobalSection
EndGlobal
